
Microsoft Visual Studio Solution File, Format Version 12.00
# Visual Studio 15
VisualStudioVersion = 15.0.28010.2003
MinimumVisualStudioVersion = 10.0.40219.1
Project("{FAE04EC0-301F-11D3-BF4B-00C04F79EFBC}") = "SpilitDataGrid", "SpilitDataGrid\SpilitDataGrid.csproj", "{E83ABE0E-A7D5-45F3-917A-FE74A8E36C57}"
EndProject
Global
	GlobalSection(SolutionConfigurationPlatforms) = preSolution
		Debug|Any CPU = Debug|Any CPU
		Release|Any CPU = Release|Any CPU
	EndGlobalSection
	GlobalSection(ProjectConfigurationPlatforms) = postSolution
		{E83ABE0E-A7D5-45F3-917A-FE74A8E36C57}.Debug|Any CPU.ActiveCfg = Debug|Any CPU
		{E83ABE0E-A7D5-45F3-917A-FE74A8E36C57}.Debug|Any CPU.Build.0 = Debug|Any CPU
		{E83ABE0E-A7D5-45F3-917A-FE74A8E36C57}.Release|Any CPU.ActiveCfg = Release|Any CPU
		{E83ABE0E-A7D5-45F3-917A-FE74A8E36C57}.Release|Any CPU.Build.0 = Release|Any CPU
	EndGlobalSection
	GlobalSection(SolutionProperties) = preSolution
		HideSolutionNode = FALSE
	EndGlobalSection
	GlobalSection(ExtensibilityGlobals) = postSolution
		SolutionGuid = {E32799C4-BAFA-47AE-A4DD-FDE2353CC2CA}
	EndGlobalSection
EndGlobal
